
Microsoft Visual Studio Solution File, Format Version 12.00
# Visual Studio Version 17
VisualStudioVersion = 17.14.36518.9 d17.14
MinimumVisualStudioVersion = 10.0.40219.1
Project("{FAE04EC0-301F-11D3-BF4B-00C04F79EFBC}") = "FVG", "FVG\FVG.csproj", "{62D80A93-B5FC-4229-8682-07879F95CDAB}"
EndProject
Global
	GlobalSection(SolutionConfigurationPlatforms) = preSolution
		Debug|Any CPU = Debug|Any CPU
		Debug|ARM64 = Debug|ARM64
		Release|Any CPU = Release|Any CPU
		Release|ARM64 = Release|ARM64
	EndGlobalSection
	GlobalSection(ProjectConfigurationPlatforms) = postSolution
		{62D80A93-B5FC-4229-8682-07879F95CDAB}.Debug|Any CPU.ActiveCfg = Debug|Any CPU
		{62D80A93-B5FC-4229-8682-07879F95CDAB}.Debug|Any CPU.Build.0 = Debug|Any CPU
		{62D80A93-B5FC-4229-8682-07879F95CDAB}.Debug|ARM64.ActiveCfg = Debug|ARM64
		{62D80A93-B5FC-4229-8682-07879F95CDAB}.Debug|ARM64.Build.0 = Debug|ARM64
		{62D80A93-B5FC-4229-8682-07879F95CDAB}.Release|Any CPU.ActiveCfg = Release|Any CPU
		{62D80A93-B5FC-4229-8682-07879F95CDAB}.Release|Any CPU.Build.0 = Release|Any CPU
		{62D80A93-B5FC-4229-8682-07879F95CDAB}.Release|ARM64.ActiveCfg = Release|ARM64
		{62D80A93-B5FC-4229-8682-07879F95CDAB}.Release|ARM64.Build.0 = Release|ARM64
	EndGlobalSection
	GlobalSection(SolutionProperties) = preSolution
		HideSolutionNode = FALSE
	EndGlobalSection
	GlobalSection(ExtensibilityGlobals) = postSolution
		SolutionGuid = {F9A6ECDE-1868-42D9-846B-B8230D2215BB}
	EndGlobalSection
EndGlobal
